
Microsoft Visual Studio Solution File, Format Version 12.00
# Visual Studio Version 16
VisualStudioVersion = 16.0.30204.135
MinimumVisualStudioVersion = 10.0.40219.1
Project("{9A19103F-16F7-4668-BE54-9A1E7A4F7556}") = "carm", "WpfApp1\carm.csproj", "{81F94D26-7B00-4347-AAC0-226545310527}"
EndProject
Project("{9A19103F-16F7-4668-BE54-9A1E7A4F7556}") = "carmwweb31", "carmwweb31\carmwweb31.csproj", "{A099BB91-6A51-46CD-AECF-C955E2B00B1E}"
EndProject
Project("{9A19103F-16F7-4668-BE54-9A1E7A4F7556}") = "carmins", "carmins\carmins.csproj", "{E247B819-934F-44AF-B032-50D4AC400DB7}"
EndProject
Global
	GlobalSection(SolutionConfigurationPlatforms) = preSolution
		Debug|Any CPU = Debug|Any CPU
		Release|Any CPU = Release|Any CPU
	EndGlobalSection
	GlobalSection(ProjectConfigurationPlatforms) = postSolution
		{81F94D26-7B00-4347-AAC0-226545310527}.Debug|Any CPU.ActiveCfg = Debug|Any CPU
		{81F94D26-7B00-4347-AAC0-226545310527}.Debug|Any CPU.Build.0 = Debug|Any CPU
		{81F94D26-7B00-4347-AAC0-226545310527}.Release|Any CPU.ActiveCfg = Release|Any CPU
		{81F94D26-7B00-4347-AAC0-226545310527}.Release|Any CPU.Build.0 = Release|Any CPU
		{A099BB91-6A51-46CD-AECF-C955E2B00B1E}.Debug|Any CPU.ActiveCfg = Debug|Any CPU
		{A099BB91-6A51-46CD-AECF-C955E2B00B1E}.Debug|Any CPU.Build.0 = Debug|Any CPU
		{A099BB91-6A51-46CD-AECF-C955E2B00B1E}.Release|Any CPU.ActiveCfg = Release|Any CPU
		{A099BB91-6A51-46CD-AECF-C955E2B00B1E}.Release|Any CPU.Build.0 = Release|Any CPU
		{E247B819-934F-44AF-B032-50D4AC400DB7}.Debug|Any CPU.ActiveCfg = Debug|Any CPU
		{E247B819-934F-44AF-B032-50D4AC400DB7}.Debug|Any CPU.Build.0 = Debug|Any CPU
		{E247B819-934F-44AF-B032-50D4AC400DB7}.Release|Any CPU.ActiveCfg = Release|Any CPU
		{E247B819-934F-44AF-B032-50D4AC400DB7}.Release|Any CPU.Build.0 = Release|Any CPU
	EndGlobalSection
	GlobalSection(SolutionProperties) = preSolution
		HideSolutionNode = FALSE
	EndGlobalSection
	GlobalSection(ExtensibilityGlobals) = postSolution
		SolutionGuid = {970BF333-BD08-4FF6-9BD4-C85A2211A771}
	EndGlobalSection
EndGlobal
